// !$*UTF8*$!
{
	archiveVersion = 1;
	classes = {
	};
	objectVersion = 50;
	objects = {

/* Begin PBXBuildFile section */
		516E1AFA21D0D6C90097CA39 /* WineWebViewController.m in Sources */ = {isa = PBXBuildFile; fileRef = 516E1AF821D0D6C90097CA39 /* WineWebViewController.m */; };
		516E1AFB21D0D6C90097CA39 /* WineWebViewController.xib in Resources */ = {isa = PBXBuildFile; fileRef = 516E1AF921D0D6C90097CA39 /* WineWebViewController.xib */; };
		5186EA9D21D5728700663935 /* WineryModel.m in Sources */ = {isa = PBXBuildFile; fileRef = 5186EA9C21D5728700663935 /* WineryModel.m */; };
		5186EAA021D577BA00663935 /* WineryTableViewController.m in Sources */ = {isa = PBXBuildFile; fileRef = 5186EA9F21D577BA00663935 /* WineryTableViewController.m */; };
		518742A121CD630300CEC0E9 /* AppDelegate.m in Sources */ = {isa = PBXBuildFile; fileRef = 518742A021CD630300CEC0E9 /* AppDelegate.m */; };
		518742A321CD630500CEC0E9 /* Assets.xcassets in Resources */ = {isa = PBXBuildFile; fileRef = 518742A221CD630500CEC0E9 /* Assets.xcassets */; };
		518742A621CD630500CEC0E9 /* LaunchScreen.storyboard in Resources */ = {isa = PBXBuildFile; fileRef = 518742A421CD630500CEC0E9 /* LaunchScreen.storyboard */; };
		518742A921CD630500CEC0E9 /* main.m in Sources */ = {isa = PBXBuildFile; fileRef = 518742A821CD630500CEC0E9 /* main.m */; };
		518742D521CD6A0C00CEC0E9 /* WineModel.m in Sources */ = {isa = PBXBuildFile; fileRef = 518742D421CD6A0C00CEC0E9 /* WineModel.m */; };
		518742DA21CD744B00CEC0E9 /* WineViewController.m in Sources */ = {isa = PBXBuildFile; fileRef = 518742D821CD744B00CEC0E9 /* WineViewController.m */; };
		518742DB21CD744B00CEC0E9 /* WineViewController.xib in Resources */ = {isa = PBXBuildFile; fileRef = 518742D921CD744B00CEC0E9 /* WineViewController.xib */; };
/* End PBXBuildFile section */

/* Begin PBXFileReference section */
		516E1AF721D0D6C90097CA39 /* WineWebViewController.h */ = {isa = PBXFileReference; lastKnownFileType = sourcecode.c.h; path = WineWebViewController.h; sourceTree = "<group>"; };
		516E1AF821D0D6C90097CA39 /* WineWebViewController.m */ = {isa = PBXFileReference; lastKnownFileType = sourcecode.c.objc; path = WineWebViewController.m; sourceTree = "<group>"; };
		516E1AF921D0D6C90097CA39 /* WineWebViewController.xib */ = {isa = PBXFileReference; lastKnownFileType = file.xib; path = WineWebViewController.xib; sourceTree = "<group>"; };
		5186EA9B21D5728700663935 /* WineryModel.h */ = {isa = PBXFileReference; lastKnownFileType = sourcecode.c.h; path = WineryModel.h; sourceTree = "<group>"; };
		5186EA9C21D5728700663935 /* WineryModel.m */ = {isa = PBXFileReference; lastKnownFileType = sourcecode.c.objc; path = WineryModel.m; sourceTree = "<group>"; };
		5186EA9E21D577BA00663935 /* WineryTableViewController.h */ = {isa = PBXFileReference; lastKnownFileType = sourcecode.c.h; path = WineryTableViewController.h; sourceTree = "<group>"; };
		5186EA9F21D577BA00663935 /* WineryTableViewController.m */ = {isa = PBXFileReference; lastKnownFileType = sourcecode.c.objc; path = WineryTableViewController.m; sourceTree = "<group>"; };
		5187429C21CD630300CEC0E9 /* ObjectiveCBacus.app */ = {isa = PBXFileReference; explicitFileType = wrapper.application; includeInIndex = 0; path = ObjectiveCBacus.app; sourceTree = BUILT_PRODUCTS_DIR; };
		5187429F21CD630300CEC0E9 /* AppDelegate.h */ = {isa = PBXFileReference; lastKnownFileType = sourcecode.c.h; path = AppDelegate.h; sourceTree = "<group>"; };
		518742A021CD630300CEC0E9 /* AppDelegate.m */ = {isa = PBXFileReference; lastKnownFileType = sourcecode.c.objc; path = AppDelegate.m; sourceTree = "<group>"; };
		518742A221CD630500CEC0E9 /* Assets.xcassets */ = {isa = PBXFileReference; lastKnownFileType = folder.assetcatalog; path = Assets.xcassets; sourceTree = "<group>"; };
		518742A521CD630500CEC0E9 /* Base */ = {isa = PBXFileReference; lastKnownFileType = file.storyboard; name = Base; path = Base.lproj/LaunchScreen.storyboard; sourceTree = "<group>"; };
		518742A721CD630500CEC0E9 /* Info.plist */ = {isa = PBXFileReference; lastKnownFileType = text.plist.xml; path = Info.plist; sourceTree = "<group>"; };
		518742A821CD630500CEC0E9 /* main.m */ = {isa = PBXFileReference; lastKnownFileType = sourcecode.c.objc; path = main.m; sourceTree = "<group>"; };
		518742D321CD6A0C00CEC0E9 /* WineModel.h */ = {isa = PBXFileReference; lastKnownFileType = sourcecode.c.h; path = WineModel.h; sourceTree = "<group>"; };
		518742D421CD6A0C00CEC0E9 /* WineModel.m */ = {isa = PBXFileReference; lastKnownFileType = sourcecode.c.objc; path = WineModel.m; sourceTree = "<group>"; };
		518742D721CD744B00CEC0E9 /* WineViewController.h */ = {isa = PBXFileReference; lastKnownFileType = sourcecode.c.h; path = WineViewController.h; sourceTree = "<group>"; };
		518742D821CD744B00CEC0E9 /* WineViewController.m */ = {isa = PBXFileReference; lastKnownFileType = sourcecode.c.objc; path = WineViewController.m; sourceTree = "<group>"; };
		518742D921CD744B00CEC0E9 /* WineViewController.xib */ = {isa = PBXFileReference; lastKnownFileType = file.xib; path = WineViewController.xib; sourceTree = "<group>"; };
/* End PBXFileReference section */

/* Begin PBXFrameworksBuildPhase section */
		5187429921CD630300CEC0E9 /* Frameworks */ = {
			isa = PBXFrameworksBuildPhase;
			buildActionMask = 2147483647;
			files = (
			);
			runOnlyForDeploymentPostprocessing = 0;
		};
/* End PBXFrameworksBuildPhase section */

/* Begin PBXGroup section */
		5187429321CD630300CEC0E9 = {
			isa = PBXGroup;
			children = (
				5187429E21CD630300CEC0E9 /* ObjectiveCBacus */,
				5187429D21CD630300CEC0E9 /* Products */,
			);
			sourceTree = "<group>";
		};
		5187429D21CD630300CEC0E9 /* Products */ = {
			isa = PBXGroup;
			children = (
				5187429C21CD630300CEC0E9 /* ObjectiveCBacus.app */,
			);
			name = Products;
			sourceTree = "<group>";
		};
		5187429E21CD630300CEC0E9 /* ObjectiveCBacus */ = {
			isa = PBXGroup;
			children = (
				518742D621CD6A1800CEC0E9 /* Models */,
				518742DC21CD745400CEC0E9 /* Controllers */,
				5187429F21CD630300CEC0E9 /* AppDelegate.h */,
				518742A021CD630300CEC0E9 /* AppDelegate.m */,
				518742A221CD630500CEC0E9 /* Assets.xcassets */,
				518742A421CD630500CEC0E9 /* LaunchScreen.storyboard */,
				518742A721CD630500CEC0E9 /* Info.plist */,
				518742A821CD630500CEC0E9 /* main.m */,
			);
			path = ObjectiveCBacus;
			sourceTree = "<group>";
		};
		518742D621CD6A1800CEC0E9 /* Models */ = {
			isa = PBXGroup;
			children = (
				5186EA9B21D5728700663935 /* WineryModel.h */,
				5186EA9C21D5728700663935 /* WineryModel.m */,
				518742D321CD6A0C00CEC0E9 /* WineModel.h */,
				518742D421CD6A0C00CEC0E9 /* WineModel.m */,
			);
			path = Models;
			sourceTree = "<group>";
		};
		518742DC21CD745400CEC0E9 /* Controllers */ = {
			isa = PBXGroup;
			children = (
				518742D721CD744B00CEC0E9 /* WineViewController.h */,
				518742D821CD744B00CEC0E9 /* WineViewController.m */,
				518742D921CD744B00CEC0E9 /* WineViewController.xib */,
				516E1AF721D0D6C90097CA39 /* WineWebViewController.h */,
				516E1AF821D0D6C90097CA39 /* WineWebViewController.m */,
				516E1AF921D0D6C90097CA39 /* WineWebViewController.xib */,
				5186EA9E21D577BA00663935 /* WineryTableViewController.h */,
				5186EA9F21D577BA00663935 /* WineryTableViewController.m */,
			);
			path = Controllers;
			sourceTree = "<group>";
		};
/* End PBXGroup section */

/* Begin PBXNativeTarget section */
		5187429B21CD630300CEC0E9 /* ObjectiveCBacus */ = {
			isa = PBXNativeTarget;
			buildConfigurationList = 518742AC21CD630500CEC0E9 /* Build configuration list for PBXNativeTarget "ObjectiveCBacus" */;
			buildPhases = (
				5187429821CD630300CEC0E9 /* Sources */,
				5187429921CD630300CEC0E9 /* Frameworks */,
				5187429A21CD630300CEC0E9 /* Resources */,
			);
			buildRules = (
			);
			dependencies = (
			);
			name = ObjectiveCBacus;
			productName = ObjectiveCBacus;
			productReference = 5187429C21CD630300CEC0E9 /* ObjectiveCBacus.app */;
			productType = "com.apple.product-type.application";
		};
/* End PBXNativeTarget section */

/* Begin PBXProject section */
		5187429421CD630300CEC0E9 /* Project object */ = {
			isa = PBXProject;
			attributes = {
				LastUpgradeCheck = 0940;
				ORGANIZATIONNAME = "Alan Casas";
				TargetAttributes = {
					5187429B21CD630300CEC0E9 = {
						CreatedOnToolsVersion = 9.4.1;
					};
				};
			};
			buildConfigurationList = 5187429721CD630300CEC0E9 /* Build configuration list for PBXProject "ObjectiveCBacus" */;
			compatibilityVersion = "Xcode 9.3";
			developmentRegion = en;
			hasScannedForEncodings = 0;
			knownRegions = (
				en,
				Base,
			);
			mainGroup = 5187429321CD630300CEC0E9;
			productRefGroup = 5187429D21CD630300CEC0E9 /* Products */;
			projectDirPath = "";
			projectRoot = "";
			targets = (
				5187429B21CD630300CEC0E9 /* ObjectiveCBacus */,
			);
		};
/* End PBXProject section */

/* Begin PBXResourcesBuildPhase section */
		5187429A21CD630300CEC0E9 /* Resources */ = {
			isa = PBXResourcesBuildPhase;
			buildActionMask = 2147483647;
			files = (
				518742A321CD630500CEC0E9 /* Assets.xcassets in Resources */,
				518742DB21CD744B00CEC0E9 /* WineViewController.xib in Resources */,
				516E1AFB21D0D6C90097CA39 /* WineWebViewController.xib in Resources */,
				518742A621CD630500CEC0E9 /* LaunchScreen.storyboard in Resources */,
			);
			runOnlyForDeploymentPostprocessing = 0;
		};
/* End PBXResourcesBuildPhase section */

/* Begin PBXSourcesBuildPhase section */
		5187429821CD630300CEC0E9 /* Sources */ = {
			isa = PBXSourcesBuildPhase;
			buildActionMask = 2147483647;
			files = (
				516E1AFA21D0D6C90097CA39 /* WineWebViewController.m in Sources */,
				518742D521CD6A0C00CEC0E9 /* WineModel.m in Sources */,
				518742DA21CD744B00CEC0E9 /* WineViewController.m in Sources */,
				518742A921CD630500CEC0E9 /* main.m in Sources */,
				5186EAA021D577BA00663935 /* WineryTableViewController.m in Sources */,
				518742A121CD630300CEC0E9 /* AppDelegate.m in Sources */,
				5186EA9D21D5728700663935 /* WineryModel.m in Sources */,
			);
			runOnlyForDeploymentPostprocessing = 0;
		};
/* End PBXSourcesBuildPhase section */

/* Begin PBXVariantGroup section */
		518742A421CD630500CEC0E9 /* LaunchScreen.storyboard */ = {
			isa = PBXVariantGroup;
			children = (
				518742A521CD630500CEC0E9 /* Base */,
			);
			name = LaunchScreen.storyboard;
			sourceTree = "<group>";
		};
/* End PBXVariantGroup section */

/* Begin XCBuildConfiguration section */
		518742AA21CD630500CEC0E9 /* Debug */ = {
			isa = XCBuildConfiguration;
			buildSettings = {
				ALWAYS_SEARCH_USER_PATHS = NO;
				CLANG_ANALYZER_NONNULL = YES;
				CLANG_ANALYZER_NUMBER_OBJECT_CONVERSION = YES_AGGRESSIVE;
				CLANG_CXX_LANGUAGE_STANDARD = "gnu++14";
				CLANG_CXX_LIBRARY = "libc++";
				CLANG_ENABLE_MODULES = YES;
				CLANG_ENABLE_OBJC_ARC = YES;
				CLANG_ENABLE_OBJC_WEAK = YES;
				CLANG_WARN_BLOCK_CAPTURE_AUTORELEASING = YES;
				CLANG_WARN_BOOL_CONVERSION = YES;
				CLANG_WARN_COMMA = YES;
				CLANG_WARN_CONSTANT_CONVERSION = YES;
				CLANG_WARN_DEPRECATED_OBJC_IMPLEMENTATIONS = YES;
				CLANG_WARN_DIRECT_OBJC_ISA_USAGE = YES_ERROR;
				CLANG_WARN_DOCUMENTATION_COMMENTS = YES;
				CLANG_WARN_EMPTY_BODY = YES;
				CLANG_WARN_ENUM_CONVERSION = YES;
				CLANG_WARN_INFINITE_RECURSION = YES;
				CLANG_WARN_INT_CONVERSION = YES;
				CLANG_WARN_NON_LITERAL_NULL_CONVERSION = YES;
				CLANG_WARN_OBJC_IMPLICIT_RETAIN_SELF = YES;
				CLANG_WARN_OBJC_LITERAL_CONVERSION = YES;
				CLANG_WARN_OBJC_ROOT_CLASS = YES_ERROR;
				CLANG_WARN_RANGE_LOOP_ANALYSIS = YES;
				CLANG_WARN_STRICT_PROTOTYPES = YES;
				CLANG_WARN_SUSPICIOUS_MOVE = YES;
				CLANG_WARN_UNGUARDED_AVAILABILITY = YES_AGGRESSIVE;
				CLANG_WARN_UNREACHABLE_CODE = YES;
				CLANG_WARN__DUPLICATE_METHOD_MATCH = YES;
				CODE_SIGN_IDENTITY = "iPhone Developer";
				COPY_PHASE_STRIP = NO;
				DEBUG_INFORMATION_FORMAT = dwarf;
				ENABLE_STRICT_OBJC_MSGSEND = YES;
				ENABLE_TESTABILITY = YES;
				GCC_C_LANGUAGE_STANDARD = gnu11;
				GCC_DYNAMIC_NO_PIC = NO;
				GCC_NO_COMMON_BLOCKS = YES;
				GCC_OPTIMIZATION_LEVEL = 0;
				GCC_PREPROCESSOR_DEFINITIONS = (
					"DEBUG=1",
					"$(inherited)",
				);
				GCC_WARN_64_TO_32_BIT_CONVERSION = YES;
				GCC_WARN_ABOUT_RETURN_TYPE = YES_ERROR;
				GCC_WARN_UNDECLARED_SELECTOR = YES;
				GCC_WARN_UNINITIALIZED_AUTOS = YES_AGGRESSIVE;
				GCC_WARN_UNUSED_FUNCTION = YES;
				GCC_WARN_UNUSED_VARIABLE = YES;
				IPHONEOS_DEPLOYMENT_TARGET = 11.4;
				MTL_ENABLE_DEBUG_INFO = YES;
				ONLY_ACTIVE_ARCH = YES;
				SDKROOT = iphoneos;
			};
			name = Debug;
		};
		518742AB21CD630500CEC0E9 /* Release */ = {
			isa = XCBuildConfiguration;
			buildSettings = {
				ALWAYS_SEARCH_USER_PATHS = NO;
				CLANG_ANALYZER_NONNULL = YES;
				CLANG_ANALYZER_NUMBER_OBJECT_CONVERSION = YES_AGGRESSIVE;
				CLANG_CXX_LANGUAGE_STANDARD = "gnu++14";
				CLANG_CXX_LIBRARY = "libc++";
				CLANG_ENABLE_MODULES = YES;
				CLANG_ENABLE_OBJC_ARC = YES;
				CLANG_ENABLE_OBJC_WEAK = YES;
				CLANG_WARN_BLOCK_CAPTURE_AUTORELEASING = YES;
				CLANG_WARN_BOOL_CONVERSION = YES;
				CLANG_WARN_COMMA = YES;
				CLANG_WARN_CONSTANT_CONVERSION = YES;
				CLANG_WARN_DEPRECATED_OBJC_IMPLEMENTATIONS = YES;
				CLANG_WARN_DIRECT_OBJC_ISA_USAGE = YES_ERROR;
				CLANG_WARN_DOCUMENTATION_COMMENTS = YES;
				CLANG_WARN_EMPTY_BODY = YES;
				CLANG_WARN_ENUM_CONVERSION = YES;
				CLANG_WARN_INFINITE_RECURSION = YES;
				CLANG_WARN_INT_CONVERSION = YES;
				CLANG_WARN_NON_LITERAL_NULL_CONVERSION = YES;
				CLANG_WARN_OBJC_IMPLICIT_RETAIN_SELF = YES;
				CLANG_WARN_OBJC_LITERAL_CONVERSION = YES;
				CLANG_WARN_OBJC_ROOT_CLASS = YES_ERROR;
				CLANG_WARN_RANGE_LOOP_ANALYSIS = YES;
				CLANG_WARN_STRICT_PROTOTYPES = YES;
				CLANG_WARN_SUSPICIOUS_MOVE = YES;
				CLANG_WARN_UNGUARDED_AVAILABILITY = YES_AGGRESSIVE;
				CLANG_WARN_UNREACHABLE_CODE = YES;
				CLANG_WARN__DUPLICATE_METHOD_MATCH = YES;
				CODE_SIGN_IDENTITY = "iPhone Developer";
				COPY_PHASE_STRIP = NO;
				DEBUG_INFORMATION_FORMAT = "dwarf-with-dsym";
				ENABLE_NS_ASSERTIONS = NO;
				ENABLE_STRICT_OBJC_MSGSEND = YES;
				GCC_C_LANGUAGE_STANDARD = gnu11;
				GCC_NO_COMMON_BLOCKS = YES;
				GCC_WARN_64_TO_32_BIT_CONVERSION = YES;
				GCC_WARN_ABOUT_RETURN_TYPE = YES_ERROR;
				GCC_WARN_UNDECLARED_SELECTOR = YES;
				GCC_WARN_UNINITIALIZED_AUTOS = YES_AGGRESSIVE;
				GCC_WARN_UNUSED_FUNCTION = YES;
				GCC_WARN_UNUSED_VARIABLE = YES;
				IPHONEOS_DEPLOYMENT_TARGET = 11.4;
				MTL_ENABLE_DEBUG_INFO = NO;
				SDKROOT = iphoneos;
				VALIDATE_PRODUCT = YES;
			};
			name = Release;
		};
		518742AD21CD630500CEC0E9 /* Debug */ = {
			isa = XCBuildConfiguration;
			buildSettings = {
				ASSETCATALOG_COMPILER_APPICON_NAME = AppIcon;
				CODE_SIGN_STYLE = Automatic;
				DEVELOPMENT_TEAM = 5J2G4846S8;
				INFOPLIST_FILE = ObjectiveCBacus/Info.plist;
				LD_RUNPATH_SEARCH_PATHS = (
					"$(inherited)",
					"@executable_path/Frameworks",
				);
				PRODUCT_BUNDLE_IDENTIFIER = "com.gmail-alancasasarevalo.ObjectiveCBacus";
				PRODUCT_NAME = "$(TARGET_NAME)";
				TARGETED_DEVICE_FAMILY = "1,2";
			};
			name = Debug;
		};
		518742AE21CD630500CEC0E9 /* Release */ = {
			isa = XCBuildConfiguration;
			buildSettings = {
				ASSETCATALOG_COMPILER_APPICON_NAME = AppIcon;
				CODE_SIGN_STYLE = Automatic;
				DEVELOPMENT_TEAM = 5J2G4846S8;
				INFOPLIST_FILE = ObjectiveCBacus/Info.plist;
				LD_RUNPATH_SEARCH_PATHS = (
					"$(inherited)",
					"@executable_path/Frameworks",
				);
				PRODUCT_BUNDLE_IDENTIFIER = "com.gmail-alancasasarevalo.ObjectiveCBacus";
				PRODUCT_NAME = "$(TARGET_NAME)";
				TARGETED_DEVICE_FAMILY = "1,2";
			};
			name = Release;
		};
/* End XCBuildConfiguration section */

/* Begin XCConfigurationList section */
		5187429721CD630300CEC0E9 /* Build configuration list for PBXProject "ObjectiveCBacus" */ = {
			isa = XCConfigurationList;
			buildConfigurations = (
				518742AA21CD630500CEC0E9 /* Debug */,
				518742AB21CD630500CEC0E9 /* Release */,
			);
			defaultConfigurationIsVisible = 0;
			defaultConfigurationName = Release;
		};
		518742AC21CD630500CEC0E9 /* Build configuration list for PBXNativeTarget "ObjectiveCBacus" */ = {
			isa = XCConfigurationList;
			buildConfigurations = (
				518742AD21CD630500CEC0E9 /* Debug */,
				518742AE21CD630500CEC0E9 /* Release */,
			);
			defaultConfigurationIsVisible = 0;
			defaultConfigurationName = Release;
		};
/* End XCConfigurationList section */
	};
	rootObject = 5187429421CD630300CEC0E9 /* Project object */;
}
